// !$*UTF8*$!
{
	archiveVersion = 1;
	classes = {
	};
	objectVersion = 46;
	objects = {

/* Begin PBXBuildFile section */
		1D3623260D0F684500981E51 /* MBClockAppDelegate.m in Sources */ = {isa = PBXBuildFile; fileRef = 1D3623250D0F684500981E51 /* MBClockAppDelegate.m */; };
		1D60589B0D05DD56006BFB54 /* main.m in Sources */ = {isa = PBXBuildFile; fileRef = 29B97316FDCFA39411CA2CEA /* main.m */; };
		1D60589F0D05DD5A006BFB54 /* Foundation.framework in Frameworks */ = {isa = PBXBuildFile; fileRef = 1D30AB110D05D00D00671497 /* Foundation.framework */; };
		1DF5F4E00D08C38300B7A737 /* UIKit.framework in Frameworks */ = {isa = PBXBuildFile; fileRef = 1DF5F4DF0D08C38300B7A737 /* UIKit.framework */; };
		288765A50DF7441C002DB57D /* CoreGraphics.framework in Frameworks */ = {isa = PBXBuildFile; fileRef = 288765A40DF7441C002DB57D /* CoreGraphics.framework */; };
		28AD733F0D9D9553002E5188 /* MainWindow.xib in Resources */ = {isa = PBXBuildFile; fileRef = 28AD733E0D9D9553002E5188 /* MainWindow.xib */; };
		28D7ACF80DDB3853001CB0EB /* MBClockViewController.m in Sources */ = {isa = PBXBuildFile; fileRef = 28D7ACF70DDB3853001CB0EB /* MBClockViewController.m */; };
		D719BAC3132C30B9006822D4 /* MBClockHandLayer.m in Sources */ = {isa = PBXBuildFile; fileRef = D719BAC2132C30B9006822D4 /* MBClockHandLayer.m */; };
		D7E1AE13132AE20E00873873 /* MBClockViewController.xib in Resources */ = {isa = PBXBuildFile; fileRef = D7E1AE12132AE20E00873873 /* MBClockViewController.xib */; };
		D7E1AE16132AE2D700873873 /* MBGradientBackgroundView.m in Sources */ = {isa = PBXBuildFile; fileRef = D7E1AE15132AE2D700873873 /* MBGradientBackgroundView.m */; };
		D7E1AE19132AE33E00873873 /* clock-background.png in Resources */ = {isa = PBXBuildFile; fileRef = D7E1AE17132AE33E00873873 /* clock-background.png */; };
		D7E1AE1A132AE33E00873873 /* clock-background@2x.png in Resources */ = {isa = PBXBuildFile; fileRef = D7E1AE18132AE33E00873873 /* clock-background@2x.png */; };
		D7E1AE1E132AE60000873873 /* MBClockView.m in Sources */ = {isa = PBXBuildFile; fileRef = D7E1AE1D132AE60000873873 /* MBClockView.m */; };
		D7E1AE20132AE8BD00873873 /* QuartzCore.framework in Frameworks */ = {isa = PBXBuildFile; fileRef = D7E1AE1F132AE8BD00873873 /* QuartzCore.framework */; };
		D7E1AE23132AEE7300873873 /* MBClockGlassReflectionLayer.m in Sources */ = {isa = PBXBuildFile; fileRef = D7E1AE22132AEE7300873873 /* MBClockGlassReflectionLayer.m */; };
/* End PBXBuildFile section */

/* Begin PBXFileReference section */
		1D30AB110D05D00D00671497 /* Foundation.framework */ = {isa = PBXFileReference; lastKnownFileType = wrapper.framework; name = Foundation.framework; path = System/Library/Frameworks/Foundation.framework; sourceTree = SDKROOT; };
		1D3623240D0F684500981E51 /* MBClockAppDelegate.h */ = {isa = PBXFileReference; fileEncoding = 4; lastKnownFileType = sourcecode.c.h; path = MBClockAppDelegate.h; sourceTree = "<group>"; };
		1D3623250D0F684500981E51 /* MBClockAppDelegate.m */ = {isa = PBXFileReference; fileEncoding = 4; lastKnownFileType = sourcecode.c.objc; path = MBClockAppDelegate.m; sourceTree = "<group>"; };
		1D6058910D05DD3D006BFB54 /* MBClock.app */ = {isa = PBXFileReference; explicitFileType = wrapper.application; includeInIndex = 0; path = MBClock.app; sourceTree = BUILT_PRODUCTS_DIR; };
		1DF5F4DF0D08C38300B7A737 /* UIKit.framework */ = {isa = PBXFileReference; lastKnownFileType = wrapper.framework; name = UIKit.framework; path = System/Library/Frameworks/UIKit.framework; sourceTree = SDKROOT; };
		288765A40DF7441C002DB57D /* CoreGraphics.framework */ = {isa = PBXFileReference; lastKnownFileType = wrapper.framework; name = CoreGraphics.framework; path = System/Library/Frameworks/CoreGraphics.framework; sourceTree = SDKROOT; };
		28AD733E0D9D9553002E5188 /* MainWindow.xib */ = {isa = PBXFileReference; lastKnownFileType = file.xib; path = MainWindow.xib; sourceTree = "<group>"; };
		28D7ACF60DDB3853001CB0EB /* MBClockViewController.h */ = {isa = PBXFileReference; fileEncoding = 4; lastKnownFileType = sourcecode.c.h; path = MBClockViewController.h; sourceTree = "<group>"; };
		28D7ACF70DDB3853001CB0EB /* MBClockViewController.m */ = {isa = PBXFileReference; fileEncoding = 4; lastKnownFileType = sourcecode.c.objc; path = MBClockViewController.m; sourceTree = "<group>"; };
		29B97316FDCFA39411CA2CEA /* main.m */ = {isa = PBXFileReference; fileEncoding = 4; lastKnownFileType = sourcecode.c.objc; path = main.m; sourceTree = "<group>"; };
		32CA4F630368D1EE00C91783 /* MBClock_Prefix.pch */ = {isa = PBXFileReference; fileEncoding = 4; lastKnownFileType = sourcecode.c.h; path = MBClock_Prefix.pch; sourceTree = "<group>"; };
		8D1107310486CEB800E47090 /* MBClock-Info.plist */ = {isa = PBXFileReference; fileEncoding = 4; lastKnownFileType = text.plist.xml; path = "MBClock-Info.plist"; plistStructureDefinitionIdentifier = "com.apple.xcode.plist.structure-definition.iphone.info-plist"; sourceTree = "<group>"; };
		D719BAC1132C30B9006822D4 /* MBClockHandLayer.h */ = {isa = PBXFileReference; fileEncoding = 4; lastKnownFileType = sourcecode.c.h; path = MBClockHandLayer.h; sourceTree = "<group>"; };
		D719BAC2132C30B9006822D4 /* MBClockHandLayer.m */ = {isa = PBXFileReference; fileEncoding = 4; lastKnownFileType = sourcecode.c.objc; path = MBClockHandLayer.m; sourceTree = "<group>"; };
		D7E1AE12132AE20E00873873 /* MBClockViewController.xib */ = {isa = PBXFileReference; fileEncoding = 4; lastKnownFileType = file.xib; path = MBClockViewController.xib; sourceTree = "<group>"; };
		D7E1AE14132AE2D700873873 /* MBGradientBackgroundView.h */ = {isa = PBXFileReference; fileEncoding = 4; lastKnownFileType = sourcecode.c.h; path = MBGradientBackgroundView.h; sourceTree = "<group>"; };
		D7E1AE15132AE2D700873873 /* MBGradientBackgroundView.m */ = {isa = PBXFileReference; fileEncoding = 4; lastKnownFileType = sourcecode.c.objc; path = MBGradientBackgroundView.m; sourceTree = "<group>"; };
		D7E1AE17132AE33E00873873 /* clock-background.png */ = {isa = PBXFileReference; lastKnownFileType = image.png; path = "clock-background.png"; sourceTree = "<group>"; };
		D7E1AE18132AE33E00873873 /* clock-background@2x.png */ = {isa = PBXFileReference; lastKnownFileType = image.png; path = "clock-background@2x.png"; sourceTree = "<group>"; };
		D7E1AE1C132AE60000873873 /* MBClockView.h */ = {isa = PBXFileReference; fileEncoding = 4; lastKnownFileType = sourcecode.c.h; path = MBClockView.h; sourceTree = "<group>"; };
		D7E1AE1D132AE60000873873 /* MBClockView.m */ = {isa = PBXFileReference; fileEncoding = 4; lastKnownFileType = sourcecode.c.objc; path = MBClockView.m; sourceTree = "<group>"; };
		D7E1AE1F132AE8BD00873873 /* QuartzCore.framework */ = {isa = PBXFileReference; lastKnownFileType = wrapper.framework; name = QuartzCore.framework; path = System/Library/Frameworks/QuartzCore.framework; sourceTree = SDKROOT; };
		D7E1AE21132AEE7300873873 /* MBClockGlassReflectionLayer.h */ = {isa = PBXFileReference; fileEncoding = 4; lastKnownFileType = sourcecode.c.h; path = MBClockGlassReflectionLayer.h; sourceTree = "<group>"; };
		D7E1AE22132AEE7300873873 /* MBClockGlassReflectionLayer.m */ = {isa = PBXFileReference; fileEncoding = 4; lastKnownFileType = sourcecode.c.objc; path = MBClockGlassReflectionLayer.m; sourceTree = "<group>"; };
/* End PBXFileReference section */

/* Begin PBXFrameworksBuildPhase section */
		1D60588F0D05DD3D006BFB54 /* Frameworks */ = {
			isa = PBXFrameworksBuildPhase;
			buildActionMask = 2147483647;
			files = (
				D7E1AE20132AE8BD00873873 /* QuartzCore.framework in Frameworks */,
				1D60589F0D05DD5A006BFB54 /* Foundation.framework in Frameworks */,
				1DF5F4E00D08C38300B7A737 /* UIKit.framework in Frameworks */,
				288765A50DF7441C002DB57D /* CoreGraphics.framework in Frameworks */,
			);
			runOnlyForDeploymentPostprocessing = 0;
		};
/* End PBXFrameworksBuildPhase section */

/* Begin PBXGroup section */
		080E96DDFE201D6D7F000001 /* Basics */ = {
			isa = PBXGroup;
			children = (
				1D3623240D0F684500981E51 /* MBClockAppDelegate.h */,
				1D3623250D0F684500981E51 /* MBClockAppDelegate.m */,
				28D7ACF60DDB3853001CB0EB /* MBClockViewController.h */,
				28D7ACF70DDB3853001CB0EB /* MBClockViewController.m */,
				D7E1AE12132AE20E00873873 /* MBClockViewController.xib */,
			);
			name = Basics;
			sourceTree = "<group>";
		};
		19C28FACFE9D520D11CA2CBB /* Products */ = {
			isa = PBXGroup;
			children = (
				1D6058910D05DD3D006BFB54 /* MBClock.app */,
			);
			name = Products;
			sourceTree = "<group>";
		};
		29B97314FDCFA39411CA2CEA /* CustomTemplate */ = {
			isa = PBXGroup;
			children = (
				D7E1AE10132ADF3700873873 /* Classes */,
				29B97315FDCFA39411CA2CEA /* Other Sources */,
				29B97317FDCFA39411CA2CEA /* Resources */,
				8D1107310486CEB800E47090 /* MBClock-Info.plist */,
				29B97323FDCFA39411CA2CEA /* Frameworks */,
				19C28FACFE9D520D11CA2CBB /* Products */,
			);
			name = CustomTemplate;
			sourceTree = "<group>";
		};
		29B97315FDCFA39411CA2CEA /* Other Sources */ = {
			isa = PBXGroup;
			children = (
				32CA4F630368D1EE00C91783 /* MBClock_Prefix.pch */,
				29B97316FDCFA39411CA2CEA /* main.m */,
			);
			name = "Other Sources";
			sourceTree = "<group>";
		};
		29B97317FDCFA39411CA2CEA /* Resources */ = {
			isa = PBXGroup;
			children = (
				28AD733E0D9D9553002E5188 /* MainWindow.xib */,
				D7E1AE17132AE33E00873873 /* clock-background.png */,
				D7E1AE18132AE33E00873873 /* clock-background@2x.png */,
			);
			path = Resources;
			sourceTree = "<group>";
		};
		29B97323FDCFA39411CA2CEA /* Frameworks */ = {
			isa = PBXGroup;
			children = (
				D7E1AE1F132AE8BD00873873 /* QuartzCore.framework */,
				1DF5F4DF0D08C38300B7A737 /* UIKit.framework */,
				1D30AB110D05D00D00671497 /* Foundation.framework */,
				288765A40DF7441C002DB57D /* CoreGraphics.framework */,
			);
			name = Frameworks;
			sourceTree = "<group>";
		};
		D7E1AE10132ADF3700873873 /* Classes */ = {
			isa = PBXGroup;
			children = (
				D7E1AE1B132AE5DF00873873 /* Clock */,
				080E96DDFE201D6D7F000001 /* Basics */,
				D7E1AE11132ADF5300873873 /* Utilities */,
			);
			path = Classes;
			sourceTree = "<group>";
		};
		D7E1AE11132ADF5300873873 /* Utilities */ = {
			isa = PBXGroup;
			children = (
				D7E1AE14132AE2D700873873 /* MBGradientBackgroundView.h */,
				D7E1AE15132AE2D700873873 /* MBGradientBackgroundView.m */,
			);
			name = Utilities;
			sourceTree = "<group>";
		};
		D7E1AE1B132AE5DF00873873 /* Clock */ = {
			isa = PBXGroup;
			children = (
				D7E1AE1C132AE60000873873 /* MBClockView.h */,
				D7E1AE1D132AE60000873873 /* MBClockView.m */,
				D7E1AE21132AEE7300873873 /* MBClockGlassReflectionLayer.h */,
				D7E1AE22132AEE7300873873 /* MBClockGlassReflectionLayer.m */,
				D719BAC1132C30B9006822D4 /* MBClockHandLayer.h */,
				D719BAC2132C30B9006822D4 /* MBClockHandLayer.m */,
			);
			name = Clock;
			sourceTree = "<group>";
		};
/* End PBXGroup section */

/* Begin PBXNativeTarget section */
		1D6058900D05DD3D006BFB54 /* MBClock */ = {
			isa = PBXNativeTarget;
			buildConfigurationList = 1D6058960D05DD3E006BFB54 /* Build configuration list for PBXNativeTarget "MBClock" */;
			buildPhases = (
				1D60588D0D05DD3D006BFB54 /* Resources */,
				1D60588E0D05DD3D006BFB54 /* Sources */,
				1D60588F0D05DD3D006BFB54 /* Frameworks */,
			);
			buildRules = (
			);
			dependencies = (
			);
			name = MBClock;
			productName = MBClock;
			productReference = 1D6058910D05DD3D006BFB54 /* MBClock.app */;
			productType = "com.apple.product-type.application";
		};
/* End PBXNativeTarget section */

/* Begin PBXProject section */
		29B97313FDCFA39411CA2CEA /* Project object */ = {
			isa = PBXProject;
			buildConfigurationList = C01FCF4E08A954540054247B /* Build configuration list for PBXProject "MBClock" */;
			compatibilityVersion = "Xcode 3.2";
			developmentRegion = English;
			hasScannedForEncodings = 1;
			knownRegions = (
				English,
				Japanese,
				French,
				German,
			);
			mainGroup = 29B97314FDCFA39411CA2CEA /* CustomTemplate */;
			projectDirPath = "";
			projectRoot = "";
			targets = (
				1D6058900D05DD3D006BFB54 /* MBClock */,
			);
		};
/* End PBXProject section */

/* Begin PBXResourcesBuildPhase section */
		1D60588D0D05DD3D006BFB54 /* Resources */ = {
			isa = PBXResourcesBuildPhase;
			buildActionMask = 2147483647;
			files = (
				28AD733F0D9D9553002E5188 /* MainWindow.xib in Resources */,
				D7E1AE13132AE20E00873873 /* MBClockViewController.xib in Resources */,
				D7E1AE19132AE33E00873873 /* clock-background.png in Resources */,
				D7E1AE1A132AE33E00873873 /* clock-background@2x.png in Resources */,
			);
			runOnlyForDeploymentPostprocessing = 0;
		};
/* End PBXResourcesBuildPhase section */

/* Begin PBXSourcesBuildPhase section */
		1D60588E0D05DD3D006BFB54 /* Sources */ = {
			isa = PBXSourcesBuildPhase;
			buildActionMask = 2147483647;
			files = (
				1D60589B0D05DD56006BFB54 /* main.m in Sources */,
				1D3623260D0F684500981E51 /* MBClockAppDelegate.m in Sources */,
				28D7ACF80DDB3853001CB0EB /* MBClockViewController.m in Sources */,
				D7E1AE16132AE2D700873873 /* MBGradientBackgroundView.m in Sources */,
				D7E1AE1E132AE60000873873 /* MBClockView.m in Sources */,
				D7E1AE23132AEE7300873873 /* MBClockGlassReflectionLayer.m in Sources */,
				D719BAC3132C30B9006822D4 /* MBClockHandLayer.m in Sources */,
			);
			runOnlyForDeploymentPostprocessing = 0;
		};
/* End PBXSourcesBuildPhase section */

/* Begin XCBuildConfiguration section */
		1D6058940D05DD3E006BFB54 /* Debug */ = {
			isa = XCBuildConfiguration;
			buildSettings = {
				ALWAYS_SEARCH_USER_PATHS = NO;
				COPY_PHASE_STRIP = NO;
				GCC_DYNAMIC_NO_PIC = NO;
				GCC_OPTIMIZATION_LEVEL = 0;
				GCC_PRECOMPILE_PREFIX_HEADER = YES;
				GCC_PREFIX_HEADER = MBClock_Prefix.pch;
				INFOPLIST_FILE = "MBClock-Info.plist";
				PRODUCT_NAME = MBClock;
			};
			name = Debug;
		};
		1D6058950D05DD3E006BFB54 /* Release */ = {
			isa = XCBuildConfiguration;
			buildSettings = {
				ALWAYS_SEARCH_USER_PATHS = NO;
				COPY_PHASE_STRIP = YES;
				GCC_PRECOMPILE_PREFIX_HEADER = YES;
				GCC_PREFIX_HEADER = MBClock_Prefix.pch;
				INFOPLIST_FILE = "MBClock-Info.plist";
				PRODUCT_NAME = MBClock;
				VALIDATE_PRODUCT = YES;
			};
			name = Release;
		};
		C01FCF4F08A954540054247B /* Debug */ = {
			isa = XCBuildConfiguration;
			buildSettings = {
				ARCHS = "$(ARCHS_UNIVERSAL_IPHONE_OS)";
				"CODE_SIGN_IDENTITY[sdk=iphoneos*]" = "iPhone Developer";
				GCC_C_LANGUAGE_STANDARD = c99;
				GCC_VERSION = com.apple.compilers.llvm.clang.1_0;
				GCC_WARN_ABOUT_RETURN_TYPE = YES;
				GCC_WARN_UNUSED_VARIABLE = YES;
				IPHONEOS_DEPLOYMENT_TARGET = 4.0;
				PREBINDING = NO;
				SDKROOT = iphoneos;
				TARGETED_DEVICE_FAMILY = 1;
			};
			name = Debug;
		};
		C01FCF5008A954540054247B /* Release */ = {
			isa = XCBuildConfiguration;
			buildSettings = {
				ARCHS = "$(ARCHS_UNIVERSAL_IPHONE_OS)";
				"CODE_SIGN_IDENTITY[sdk=iphoneos*]" = "iPhone Developer";
				GCC_C_LANGUAGE_STANDARD = c99;
				GCC_VERSION = com.apple.compilers.llvm.clang.1_0;
				GCC_WARN_ABOUT_RETURN_TYPE = YES;
				GCC_WARN_UNUSED_VARIABLE = YES;
				IPHONEOS_DEPLOYMENT_TARGET = 4.0;
				OTHER_CFLAGS = "-DNS_BLOCK_ASSERTIONS=1";
				PREBINDING = NO;
				SDKROOT = iphoneos;
				TARGETED_DEVICE_FAMILY = 1;
			};
			name = Release;
		};
/* End XCBuildConfiguration section */

/* Begin XCConfigurationList section */
		1D6058960D05DD3E006BFB54 /* Build configuration list for PBXNativeTarget "MBClock" */ = {
			isa = XCConfigurationList;
			buildConfigurations = (
				1D6058940D05DD3E006BFB54 /* Debug */,
				1D6058950D05DD3E006BFB54 /* Release */,
			);
			defaultConfigurationIsVisible = 0;
			defaultConfigurationName = Release;
		};
		C01FCF4E08A954540054247B /* Build configuration list for PBXProject "MBClock" */ = {
			isa = XCConfigurationList;
			buildConfigurations = (
				C01FCF4F08A954540054247B /* Debug */,
				C01FCF5008A954540054247B /* Release */,
			);
			defaultConfigurationIsVisible = 0;
			defaultConfigurationName = Release;
		};
/* End XCConfigurationList section */
	};
	rootObject = 29B97313FDCFA39411CA2CEA /* Project object */;
}
